
Microsoft Visual Studio Solution File, Format Version 12.00
# Visual Studio 15
VisualStudioVersion = 15.0.27703.2000
MinimumVisualStudioVersion = 10.0.40219.1
Project("{FAE04EC0-301F-11D3-BF4B-00C04F79EFBC}") = "WpfApp1", "WpfApp1\WpfApp1.csproj", "{AF33CD83-94D3-46D4-A3A2-6A8B21A8D4C1}"
EndProject
Global
	GlobalSection(SolutionConfigurationPlatforms) = preSolution
		Debug|Any CPU = Debug|Any CPU
		Release|Any CPU = Release|Any CPU
	EndGlobalSection
	GlobalSection(ProjectConfigurationPlatforms) = postSolution
		{AF33CD83-94D3-46D4-A3A2-6A8B21A8D4C1}.Debug|Any CPU.ActiveCfg = Debug|Any CPU
		{AF33CD83-94D3-46D4-A3A2-6A8B21A8D4C1}.Debug|Any CPU.Build.0 = Debug|Any CPU
		{AF33CD83-94D3-46D4-A3A2-6A8B21A8D4C1}.Release|Any CPU.ActiveCfg = Release|Any CPU
		{AF33CD83-94D3-46D4-A3A2-6A8B21A8D4C1}.Release|Any CPU.Build.0 = Release|Any CPU
	EndGlobalSection
	GlobalSection(SolutionProperties) = preSolution
		HideSolutionNode = FALSE
	EndGlobalSection
	GlobalSection(ExtensibilityGlobals) = postSolution
		SolutionGuid = {D303D65C-4521-4D3E-877E-5E5CEB8E3358}
	EndGlobalSection
EndGlobal
